{
    "_readme": [
        "This file locks the dependencies of your project to a known state",
        "Read more about it at https://getcomposer.org/doc/01-basic-usage.md#composer-lock-the-lock-file",
        "This file is @generated automatically"
    ],
    "hash": "62e7f2cd20d0962995e2f21a01163651",
    "content-hash": "597b579020679716982c9b824498472b",
    "packages": [
        {
            "name": "pagseguro/php3",
            "version": "3.0.0",
            "source": {
                "type": "git",
                "url": "https://github.com/pagseguro/php3.git",
                "reference": "f0ca745a285fb6996c5a60e577ec6832f41a5138"
            },
            "dist": {
                "type": "zip",
                "url": "https://api.github.com/repos/pagseguro/php3/zipball/f0ca745a285fb6996c5a60e577ec6832f41a5138",
                "reference": "f0ca745a285fb6996c5a60e577ec6832f41a5138",
                "shasum": ""
            },
            "require": {
                "ext-curl": "*",
                "lib-curl": "*",
                "lib-openssl": "*",
                "php": ">=5.4.27"
            },
            "type": "library",
            "autoload": {
                "psr-4": {
                    "PagSeguro\\": "source/"
                }
            },
            "notification-url": "https://packagist.org/downloads/",
            "license": [
                "Apache License 2.0"
            ],
            "authors": [
                {
                    "name": "PagSeguro"
                }
            ],
            "description": "Biblioteca de integração com o PagSeguro",
            "time": "2016-09-12 18:03:36"
        }
    ],
    "packages-dev": [],
    "aliases": [],
    "minimum-stability": "stable",
    "stability-flags": [],
    "prefer-stable": false,
    "prefer-lowest": false,
    "platform": {
        "php": "^5.3.3 || ^7.0"
    },
    "platform-dev": []
}
